
Microsoft Visual Studio Solution File, Format Version 11.00
# Visual Studio 2010
Project("{FAE04EC0-301F-11D3-BF4B-00C04F79EFBC}") = "Conversion", "Conversion.csproj", "{3EE27C6A-3032-4F99-B0F0-83C24C45BFC5}"
EndProject
Global
	GlobalSection(SolutionConfigurationPlatforms) = preSolution
		Debug|x86 = Debug|x86
		Release|x86 = Release|x86
	EndGlobalSection
	GlobalSection(ProjectConfigurationPlatforms) = postSolution
		{3EE27C6A-3032-4F99-B0F0-83C24C45BFC5}.Debug|x86.ActiveCfg = Debug|x86
		{3EE27C6A-3032-4F99-B0F0-83C24C45BFC5}.Debug|x86.Build.0 = Debug|x86
		{3EE27C6A-3032-4F99-B0F0-83C24C45BFC5}.Release|x86.ActiveCfg = Release|x86
		{3EE27C6A-3032-4F99-B0F0-83C24C45BFC5}.Release|x86.Build.0 = Release|x86
	EndGlobalSection
	GlobalSection(SolutionProperties) = preSolution
		HideSolutionNode = FALSE
	EndGlobalSection
EndGlobal
